
Microsoft Visual Studio Solution File, Format Version 12.00
# Visual Studio 2012
Project("{FAE04EC0-301F-11D3-BF4B-00C04F79EFBC}") = "DancePartyDesktop", "DancePartyDesktop\DancePartyDesktop\DancePartyDesktop.csproj", "{96955A43-9982-41DB-AFD3-40A02A5AC1E1}"
EndProject
Project("{FAE04EC0-301F-11D3-BF4B-00C04F79EFBC}") = "SkinnedModel", "SkinnedModel\SkinnedModel.csproj", "{CE6BFF82-BE99-4A11-B324-25E317A26811}"
EndProject
Project("{FAE04EC0-301F-11D3-BF4B-00C04F79EFBC}") = "SkinnedModelPipeline", "SkinnedModelPipeline\SkinnedModelPipeline.csproj", "{75F908D2-751E-4692-A147-4F03C04E25BB}"
EndProject
Project("{FAE04EC0-301F-11D3-BF4B-00C04F79EFBC}") = "DancePartyDesktopContent", "DancePartyDesktop\DancePartyDesktopContent\DancePartyDesktopContent.contentproj", "{84A84C3A-B55A-4989-8B10-1C6B5042DBFB}"
EndProject
Global
	GlobalSection(SolutionConfigurationPlatforms) = preSolution
		Debug|Mixed Platforms = Debug|Mixed Platforms
		Debug|Windows Phone = Debug|Windows Phone
		Debug|x86 = Debug|x86
		Release|Mixed Platforms = Release|Mixed Platforms
		Release|Windows Phone = Release|Windows Phone
		Release|x86 = Release|x86
	EndGlobalSection
	GlobalSection(ProjectConfigurationPlatforms) = postSolution
		{96955A43-9982-41DB-AFD3-40A02A5AC1E1}.Debug|Mixed Platforms.ActiveCfg = Debug|x86
		{96955A43-9982-41DB-AFD3-40A02A5AC1E1}.Debug|Mixed Platforms.Build.0 = Debug|x86
		{96955A43-9982-41DB-AFD3-40A02A5AC1E1}.Debug|Mixed Platforms.Deploy.0 = Debug|x86
		{96955A43-9982-41DB-AFD3-40A02A5AC1E1}.Debug|Windows Phone.ActiveCfg = Debug|x86
		{96955A43-9982-41DB-AFD3-40A02A5AC1E1}.Debug|Windows Phone.Build.0 = Debug|x86
		{96955A43-9982-41DB-AFD3-40A02A5AC1E1}.Debug|x86.ActiveCfg = Debug|x86
		{96955A43-9982-41DB-AFD3-40A02A5AC1E1}.Debug|x86.Build.0 = Debug|x86
		{96955A43-9982-41DB-AFD3-40A02A5AC1E1}.Release|Mixed Platforms.ActiveCfg = Release|x86
		{96955A43-9982-41DB-AFD3-40A02A5AC1E1}.Release|Mixed Platforms.Build.0 = Release|x86
		{96955A43-9982-41DB-AFD3-40A02A5AC1E1}.Release|Windows Phone.ActiveCfg = Release|x86
		{96955A43-9982-41DB-AFD3-40A02A5AC1E1}.Release|Windows Phone.Build.0 = Release|x86
		{96955A43-9982-41DB-AFD3-40A02A5AC1E1}.Release|x86.ActiveCfg = Release|x86
		{96955A43-9982-41DB-AFD3-40A02A5AC1E1}.Release|x86.Build.0 = Release|x86
		{CE6BFF82-BE99-4A11-B324-25E317A26811}.Debug|Mixed Platforms.ActiveCfg = Debug|x86
		{CE6BFF82-BE99-4A11-B324-25E317A26811}.Debug|Mixed Platforms.Build.0 = Debug|x86
		{CE6BFF82-BE99-4A11-B324-25E317A26811}.Debug|Windows Phone.ActiveCfg = Debug|x86
		{CE6BFF82-BE99-4A11-B324-25E317A26811}.Debug|x86.ActiveCfg = Debug|x86
		{CE6BFF82-BE99-4A11-B324-25E317A26811}.Debug|x86.Build.0 = Debug|x86
		{CE6BFF82-BE99-4A11-B324-25E317A26811}.Release|Mixed Platforms.ActiveCfg = Release|x86
		{CE6BFF82-BE99-4A11-B324-25E317A26811}.Release|Mixed Platforms.Build.0 = Release|x86
		{CE6BFF82-BE99-4A11-B324-25E317A26811}.Release|Windows Phone.ActiveCfg = Release|x86
		{CE6BFF82-BE99-4A11-B324-25E317A26811}.Release|x86.ActiveCfg = Release|x86
		{CE6BFF82-BE99-4A11-B324-25E317A26811}.Release|x86.Build.0 = Release|x86
		{75F908D2-751E-4692-A147-4F03C04E25BB}.Debug|Mixed Platforms.ActiveCfg = Debug|x86
		{75F908D2-751E-4692-A147-4F03C04E25BB}.Debug|Mixed Platforms.Build.0 = Debug|x86
		{75F908D2-751E-4692-A147-4F03C04E25BB}.Debug|Windows Phone.ActiveCfg = Debug|x86
		{75F908D2-751E-4692-A147-4F03C04E25BB}.Debug|Windows Phone.Build.0 = Debug|x86
		{75F908D2-751E-4692-A147-4F03C04E25BB}.Debug|x86.ActiveCfg = Debug|x86
		{75F908D2-751E-4692-A147-4F03C04E25BB}.Debug|x86.Build.0 = Debug|x86
		{75F908D2-751E-4692-A147-4F03C04E25BB}.Release|Mixed Platforms.ActiveCfg = Release|x86
		{75F908D2-751E-4692-A147-4F03C04E25BB}.Release|Mixed Platforms.Build.0 = Release|x86
		{75F908D2-751E-4692-A147-4F03C04E25BB}.Release|Windows Phone.ActiveCfg = Release|x86
		{75F908D2-751E-4692-A147-4F03C04E25BB}.Release|Windows Phone.Build.0 = Release|x86
		{75F908D2-751E-4692-A147-4F03C04E25BB}.Release|x86.ActiveCfg = Release|x86
		{75F908D2-751E-4692-A147-4F03C04E25BB}.Release|x86.Build.0 = Release|x86
		{84A84C3A-B55A-4989-8B10-1C6B5042DBFB}.Debug|Mixed Platforms.ActiveCfg = Debug|x86
		{84A84C3A-B55A-4989-8B10-1C6B5042DBFB}.Debug|Mixed Platforms.Build.0 = Debug|x86
		{84A84C3A-B55A-4989-8B10-1C6B5042DBFB}.Debug|Mixed Platforms.Deploy.0 = Debug|x86
		{84A84C3A-B55A-4989-8B10-1C6B5042DBFB}.Debug|Windows Phone.ActiveCfg = Debug|x86
		{84A84C3A-B55A-4989-8B10-1C6B5042DBFB}.Debug|x86.ActiveCfg = Debug|x86
		{84A84C3A-B55A-4989-8B10-1C6B5042DBFB}.Release|Mixed Platforms.ActiveCfg = Release|x86
		{84A84C3A-B55A-4989-8B10-1C6B5042DBFB}.Release|Windows Phone.ActiveCfg = Release|x86
		{84A84C3A-B55A-4989-8B10-1C6B5042DBFB}.Release|x86.ActiveCfg = Release|x86
	EndGlobalSection
	GlobalSection(SolutionProperties) = preSolution
		HideSolutionNode = FALSE
	EndGlobalSection
EndGlobal
